# This file is automatically @generated by Cargo.
# It is not intended for manual editing.
version = 3

[[package]]
name = "custom-lock-guard"
version = "0.1.0"

[[package]]
name = "fearless-concurrency"
version = "0.1.0"
dependencies = [
 "custom-lock-guard",
 "performance-considerations",
 "singleton-wrapper",
]

[[package]]
name = "performance-considerations"
version = "0.1.0"

[[package]]
name = "singleton-wrapper"
version = "0.1.0"
